{
  "name": "resturant.functions",
  "version": "0.1.0",
  "lockfileVersion": 3,
  "requires": true,
  "packages": {
    "": {
      "name": "resturant.functions",
      "version": "0.1.0",
      "license": "MIT",
      "dependencies": {
        "@hubspot/api-client": "^7.0.1"
      }
    },
    "node_modules/@hubspot/api-client": {
      "version": "7.2.0",
      "license": "ISC",
      "dependencies": {
        "bluebird": "^3.7.2",
        "bottleneck": "^2.19.5",
        "btoa": "^1.2.1",
        "es6-promise": "^4.2.4",
        "form-data": "^2.5.0",
        "lodash": "^4.17.21",
        "node-fetch": "^2.6.0",
        "url-parse": "^1.4.3"
      }
    },
    "node_modules/asynckit": {
      "version": "0.4.0",
      "license": "MIT"
    },
    "node_modules/bluebird": {
      "version": "3.7.2",
      "license": "MIT"
    },
    "node_modules/bottleneck": {
      "version": "2.19.5",
      "license": "MIT"
    },
    "node_modules/btoa": {
      "version": "1.2.1",
      "license": "(MIT OR Apache-2.0)",
      "bin": {
        "btoa": "bin/btoa.js"
      },
      "engines": {
        "node": ">= 0.4.0"
      }
    },
    "node_modules/combined-stream": {
      "version": "1.0.8",
      "license": "MIT",
      "dependencies": {
        "delayed-stream": "~1.0.0"
      },
      "engines": {
        "node": ">= 0.8"
      }
    },
    "node_modules/delayed-stream": {
      "version": "1.0.0",
      "license": "MIT",
      "engines": {
        "node": ">=0.4.0"
      }
    },
    "node_modules/es6-promise": {
      "version": "4.2.8",
      "license": "MIT"
    },
    "node_modules/form-data": {
      "version": "2.5.1",
      "license": "MIT",
      "dependencies": {
        "asynckit": "^0.4.0",
        "combined-stream": "^1.0.6",
        "mime-types": "^2.1.12"
      },
      "engines": {
        "node": ">= 0.12"
      }
    },
    "node_modules/lodash": {
      "version": "4.17.21",
      "license": "MIT"
    },
    "node_modules/mime-db": {
      "version": "1.52.0",
      "license": "MIT",
      "engines": {
        "node": ">= 0.6"
      }
    },
    "node_modules/mime-types": {
      "version": "2.1.35",
      "license": "MIT",
      "dependencies": {
        "mime-db": "1.52.0"
      },
      "engines": {
        "node": ">= 0.6"
      }
    },
    "node_modules/node-fetch": {
      "version": "2.6.11",
      "license": "MIT",
      "dependencies": {
        "whatwg-url": "^5.0.0"
      },
      "engines": {
        "node": "4.x || >=6.0.0"
      },
      "peerDependencies": {
        "encoding": "^0.1.0"
      },
      "peerDependenciesMeta": {
        "encoding": {
          "optional": true
        }
      }
    },
    "node_modules/querystringify": {
      "version": "2.2.0",
      "license": "MIT"
    },
    "node_modules/requires-port": {
      "version": "1.0.0",
      "license": "MIT"
    },
    "node_modules/tr46": {
      "version": "0.0.3",
      "license": "MIT"
    },
    "node_modules/url-parse": {
      "version": "1.5.10",
      "license": "MIT",
      "dependencies": {
        "querystringify": "^2.1.1",
        "requires-port": "^1.0.0"
      }
    },
    "node_modules/webidl-conversions": {
      "version": "3.0.1",
      "license": "BSD-2-Clause"
    },
    "node_modules/whatwg-url": {
      "version": "5.0.0",
      "license": "MIT",
      "dependencies": {
        "tr46": "~0.0.3",
        "webidl-conversions": "^3.0.0"
      }
    }
  }
}
